
Microsoft Visual Studio Solution File, Format Version 12.00
Project("{FAE04EC0-301F-11D3-BF4B-00C04F79EFBC}") = "InstrumentsApp", "InstrumentsApp\InstrumentsApp.csproj", "{5C89D5FD-B860-4DBD-816D-8E8ECFD6C6EE}"
EndProject
Project("{FAE04EC0-301F-11D3-BF4B-00C04F79EFBC}") = "InstrumentsApp.Domain", "InstrumentsApp.Domain\InstrumentsApp.Domain.csproj", "{D6484614-E9D6-496E-855A-AB28B0424CCC}"
EndProject
Project("{FAE04EC0-301F-11D3-BF4B-00C04F79EFBC}") = "InstrumentApp.DomainServices", "InstrumentApp.DomainServices\InstrumentApp.DomainServices.csproj", "{6AF0FDFB-1B1B-465F-8B2E-A02D5CFCD90D}"
EndProject
Project("{FAE04EC0-301F-11D3-BF4B-00C04F79EFBC}") = "InstrumentApp.Infrastructure.Rabbit", "InstrumentApp.Infrastructure.Rabbit\InstrumentApp.Infrastructure.Rabbit.csproj", "{71F629B8-33E6-442A-BC37-61909B565FC4}"
EndProject
Global
	GlobalSection(SolutionConfigurationPlatforms) = preSolution
		Debug|Any CPU = Debug|Any CPU
		Release|Any CPU = Release|Any CPU
	EndGlobalSection
	GlobalSection(ProjectConfigurationPlatforms) = postSolution
		{5C89D5FD-B860-4DBD-816D-8E8ECFD6C6EE}.Debug|Any CPU.ActiveCfg = Debug|Any CPU
		{5C89D5FD-B860-4DBD-816D-8E8ECFD6C6EE}.Debug|Any CPU.Build.0 = Debug|Any CPU
		{5C89D5FD-B860-4DBD-816D-8E8ECFD6C6EE}.Release|Any CPU.ActiveCfg = Release|Any CPU
		{5C89D5FD-B860-4DBD-816D-8E8ECFD6C6EE}.Release|Any CPU.Build.0 = Release|Any CPU
		{D6484614-E9D6-496E-855A-AB28B0424CCC}.Debug|Any CPU.ActiveCfg = Debug|Any CPU
		{D6484614-E9D6-496E-855A-AB28B0424CCC}.Debug|Any CPU.Build.0 = Debug|Any CPU
		{D6484614-E9D6-496E-855A-AB28B0424CCC}.Release|Any CPU.ActiveCfg = Release|Any CPU
		{D6484614-E9D6-496E-855A-AB28B0424CCC}.Release|Any CPU.Build.0 = Release|Any CPU
		{6AF0FDFB-1B1B-465F-8B2E-A02D5CFCD90D}.Debug|Any CPU.ActiveCfg = Debug|Any CPU
		{6AF0FDFB-1B1B-465F-8B2E-A02D5CFCD90D}.Debug|Any CPU.Build.0 = Debug|Any CPU
		{6AF0FDFB-1B1B-465F-8B2E-A02D5CFCD90D}.Release|Any CPU.ActiveCfg = Release|Any CPU
		{6AF0FDFB-1B1B-465F-8B2E-A02D5CFCD90D}.Release|Any CPU.Build.0 = Release|Any CPU
		{71F629B8-33E6-442A-BC37-61909B565FC4}.Debug|Any CPU.ActiveCfg = Debug|Any CPU
		{71F629B8-33E6-442A-BC37-61909B565FC4}.Debug|Any CPU.Build.0 = Debug|Any CPU
		{71F629B8-33E6-442A-BC37-61909B565FC4}.Release|Any CPU.ActiveCfg = Release|Any CPU
		{71F629B8-33E6-442A-BC37-61909B565FC4}.Release|Any CPU.Build.0 = Release|Any CPU
	EndGlobalSection
EndGlobal
